
Microsoft Visual Studio Solution File, Format Version 12.00
# Visual Studio Version 17
VisualStudioVersion = 17.3.32901.215
MinimumVisualStudioVersion = 10.0.40219.1
Project("{FAE04EC0-301F-11D3-BF4B-00C04F79EFBC}") = "P5_2_1214058", "P5_2_1214058\P5_2_1214058.csproj", "{4BB439B8-B1BA-46DE-8D7C-8B61C6ADCEA3}"
EndProject
Global
	GlobalSection(SolutionConfigurationPlatforms) = preSolution
		Debug|Any CPU = Debug|Any CPU
		Release|Any CPU = Release|Any CPU
	EndGlobalSection
	GlobalSection(ProjectConfigurationPlatforms) = postSolution
		{4BB439B8-B1BA-46DE-8D7C-8B61C6ADCEA3}.Debug|Any CPU.ActiveCfg = Debug|Any CPU
		{4BB439B8-B1BA-46DE-8D7C-8B61C6ADCEA3}.Debug|Any CPU.Build.0 = Debug|Any CPU
		{4BB439B8-B1BA-46DE-8D7C-8B61C6ADCEA3}.Release|Any CPU.ActiveCfg = Release|Any CPU
		{4BB439B8-B1BA-46DE-8D7C-8B61C6ADCEA3}.Release|Any CPU.Build.0 = Release|Any CPU
	EndGlobalSection
	GlobalSection(SolutionProperties) = preSolution
		HideSolutionNode = FALSE
	EndGlobalSection
	GlobalSection(ExtensibilityGlobals) = postSolution
		SolutionGuid = {0C24B277-D863-46B4-90EF-1A747689238C}
	EndGlobalSection
EndGlobal
